
Microsoft Visual Studio Solution File, Format Version 12.00
# Visual Studio Version 16
VisualStudioVersion = 16.0.29728.190
MinimumVisualStudioVersion = 10.0.40219.1
Project("{FAE04EC0-301F-11D3-BF4B-00C04F79EFBC}") = "StructureAndAlgorithm", "StructureAndAlgorithm.csproj", "{5599BFDA-4A3C-4240-8F31-BFE60F61D31B}"
EndProject
Project("{FAE04EC0-301F-11D3-BF4B-00C04F79EFBC}") = "ArrayStructure", "ArrayStructure\ArrayStructure.csproj", "{F1E374E6-EB64-4C34-BE5F-F570F041EE5A}"
EndProject
Global
	GlobalSection(SolutionConfigurationPlatforms) = preSolution
		Debug|Any CPU = Debug|Any CPU
		Release|Any CPU = Release|Any CPU
	EndGlobalSection
	GlobalSection(ProjectConfigurationPlatforms) = postSolution
		{5599BFDA-4A3C-4240-8F31-BFE60F61D31B}.Debug|Any CPU.ActiveCfg = Debug|Any CPU
		{5599BFDA-4A3C-4240-8F31-BFE60F61D31B}.Debug|Any CPU.Build.0 = Debug|Any CPU
		{5599BFDA-4A3C-4240-8F31-BFE60F61D31B}.Release|Any CPU.ActiveCfg = Release|Any CPU
		{5599BFDA-4A3C-4240-8F31-BFE60F61D31B}.Release|Any CPU.Build.0 = Release|Any CPU
		{F1E374E6-EB64-4C34-BE5F-F570F041EE5A}.Debug|Any CPU.ActiveCfg = Debug|Any CPU
		{F1E374E6-EB64-4C34-BE5F-F570F041EE5A}.Debug|Any CPU.Build.0 = Debug|Any CPU
		{F1E374E6-EB64-4C34-BE5F-F570F041EE5A}.Release|Any CPU.ActiveCfg = Release|Any CPU
		{F1E374E6-EB64-4C34-BE5F-F570F041EE5A}.Release|Any CPU.Build.0 = Release|Any CPU
	EndGlobalSection
	GlobalSection(SolutionProperties) = preSolution
		HideSolutionNode = FALSE
	EndGlobalSection
	GlobalSection(ExtensibilityGlobals) = postSolution
		SolutionGuid = {8F5FE0B6-BECF-4DFB-8E19-B908732A5936}
	EndGlobalSection
EndGlobal
